
Microsoft Visual Studio Solution File, Format Version 12.00
# Visual Studio Version 16
VisualStudioVersion = 16.0.30717.126
MinimumVisualStudioVersion = 10.0.40219.1
Project("{9A19103F-16F7-4668-BE54-9A1E7A4F7556}") = "Capstone1", "Capstone1\Capstone1.csproj", "{CAAF41DB-065C-48AA-8D7C-BED1BBF12DA0}"
EndProject
Project("{9A19103F-16F7-4668-BE54-9A1E7A4F7556}") = "ContonsoModel", "ContonsoModel\ContonsoModel.csproj", "{1F021D06-783E-440C-8595-5A98C03B14B9}"
EndProject
Project("{FAE04EC0-301F-11D3-BF4B-00C04F79EFBC}") = "DataAccess", "DataAccess\DataAccess.csproj", "{C6FFB132-358A-4D0A-9FF7-33C9D287E5A2}"
EndProject
Global
	GlobalSection(SolutionConfigurationPlatforms) = preSolution
		Debug|Any CPU = Debug|Any CPU
		Release|Any CPU = Release|Any CPU
	EndGlobalSection
	GlobalSection(ProjectConfigurationPlatforms) = postSolution
		{CAAF41DB-065C-48AA-8D7C-BED1BBF12DA0}.Debug|Any CPU.ActiveCfg = Debug|Any CPU
		{CAAF41DB-065C-48AA-8D7C-BED1BBF12DA0}.Debug|Any CPU.Build.0 = Debug|Any CPU
		{CAAF41DB-065C-48AA-8D7C-BED1BBF12DA0}.Release|Any CPU.ActiveCfg = Release|Any CPU
		{CAAF41DB-065C-48AA-8D7C-BED1BBF12DA0}.Release|Any CPU.Build.0 = Release|Any CPU
		{1F021D06-783E-440C-8595-5A98C03B14B9}.Debug|Any CPU.ActiveCfg = Debug|Any CPU
		{1F021D06-783E-440C-8595-5A98C03B14B9}.Debug|Any CPU.Build.0 = Debug|Any CPU
		{1F021D06-783E-440C-8595-5A98C03B14B9}.Release|Any CPU.ActiveCfg = Release|Any CPU
		{1F021D06-783E-440C-8595-5A98C03B14B9}.Release|Any CPU.Build.0 = Release|Any CPU
		{C6FFB132-358A-4D0A-9FF7-33C9D287E5A2}.Debug|Any CPU.ActiveCfg = Debug|Any CPU
		{C6FFB132-358A-4D0A-9FF7-33C9D287E5A2}.Debug|Any CPU.Build.0 = Debug|Any CPU
		{C6FFB132-358A-4D0A-9FF7-33C9D287E5A2}.Release|Any CPU.ActiveCfg = Release|Any CPU
		{C6FFB132-358A-4D0A-9FF7-33C9D287E5A2}.Release|Any CPU.Build.0 = Release|Any CPU
	EndGlobalSection
	GlobalSection(SolutionProperties) = preSolution
		HideSolutionNode = FALSE
	EndGlobalSection
	GlobalSection(ExtensibilityGlobals) = postSolution
		SolutionGuid = {31EF976E-AF91-4B36-8E3D-F3EBE1CF1957}
	EndGlobalSection
EndGlobal
